
Microsoft Visual Studio Solution File, Format Version 12.00
Project("{FAE04EC0-301F-11D3-BF4B-00C04F79EFBC}") = "JobManager.Domain", "src\JobManager.Domain\JobManager.Domain.csproj", "{8A23B865-5B5A-45C2-9705-1A6879FFE085}"
EndProject
Project("{FAE04EC0-301F-11D3-BF4B-00C04F79EFBC}") = "JobManager.Application", "src\JobManager.Application\JobManager.Application.csproj", "{8E0B0F99-D218-436F-B0B5-EE4315B03F9C}"
EndProject
Project("{2150E333-8FDC-42A3-9474-1A3956D46DE8}") = "External", "External", "{F2A9490E-4390-4F76-A337-BBA8ADFFEA77}"
EndProject
Project("{2150E333-8FDC-42A3-9474-1A3956D46DE8}") = "Core", "Core", "{848D3540-790C-4CC4-8042-80DDFA10CCE3}"
EndProject
Project("{2150E333-8FDC-42A3-9474-1A3956D46DE8}") = "Adapters", "Adapters", "{EBF1B620-33B5-4F85-9A6D-C1BF6D5D6CC3}"
EndProject
Project("{FAE04EC0-301F-11D3-BF4B-00C04F79EFBC}") = "JobManager.Masstransit", "src\JobManager.Masstransit\JobManager.Masstransit.csproj", "{35D97E75-E4E0-4F48-8506-DB5AE8BBC4F2}"
EndProject
Project("{FAE04EC0-301F-11D3-BF4B-00C04F79EFBC}") = "JobManager.DynamoDB", "src\JobManager.DynamoDB\JobManager.DynamoDB.csproj", "{54154EDF-C76E-4165-B518-EA3C897D8DFA}"
EndProject
Project("{FAE04EC0-301F-11D3-BF4B-00C04F79EFBC}") = "JobManager.Controllers", "src\JobManager.Controllers\JobManager.Controllers.csproj", "{12DD5355-8C82-47CE-A171-8F9D02764075}"
EndProject
Project("{FAE04EC0-301F-11D3-BF4B-00C04F79EFBC}") = "Hackathon.Video.SharedKernel", "src\Hackathon.Video.SharedKernel\Hackathon.Video.SharedKernel.csproj", "{A4F539AE-307E-443C-BF86-2398954F1A73}"
EndProject
Project("{FAE04EC0-301F-11D3-BF4B-00C04F79EFBC}") = "JobManager.Api", "src\JobManager.Api\JobManager.Api.csproj", "{13DFE848-6B80-43C2-A632-989330B760CC}"
EndProject
Project("{FAE04EC0-301F-11D3-BF4B-00C04F79EFBC}") = "JobManager.Cognito", "src\JobManager.Cognito\JobManager.Cognito.csproj", "{BF0E297A-07E6-4DDD-B405-25AE081730AD}"
EndProject
Project("{FAE04EC0-301F-11D3-BF4B-00C04F79EFBC}") = "JobManager.Email", "src\JobManager.Email\JobManager.Email.csproj", "{0C564865-810A-4BD0-80B2-8F9331C02CB2}"
EndProject
Project("{2150E333-8FDC-42A3-9474-1A3956D46DE8}") = "Tests", "Tests", "{5F7BA6F9-A5AC-4E8F-BAC1-0AA6E379F084}"
EndProject
Project("{FAE04EC0-301F-11D3-BF4B-00C04F79EFBC}") = "JobManager.Tests", "tests\JobManager.Tests\JobManager.Tests.csproj", "{D6AAEEA1-1DEF-4C57-9471-7C13E738779A}"
EndProject
Global
	GlobalSection(SolutionConfigurationPlatforms) = preSolution
		Debug|Any CPU = Debug|Any CPU
		Release|Any CPU = Release|Any CPU
	EndGlobalSection
	GlobalSection(ProjectConfigurationPlatforms) = postSolution
		{8A23B865-5B5A-45C2-9705-1A6879FFE085}.Debug|Any CPU.ActiveCfg = Debug|Any CPU
		{8A23B865-5B5A-45C2-9705-1A6879FFE085}.Debug|Any CPU.Build.0 = Debug|Any CPU
		{8A23B865-5B5A-45C2-9705-1A6879FFE085}.Release|Any CPU.ActiveCfg = Release|Any CPU
		{8A23B865-5B5A-45C2-9705-1A6879FFE085}.Release|Any CPU.Build.0 = Release|Any CPU
		{8E0B0F99-D218-436F-B0B5-EE4315B03F9C}.Debug|Any CPU.ActiveCfg = Debug|Any CPU
		{8E0B0F99-D218-436F-B0B5-EE4315B03F9C}.Debug|Any CPU.Build.0 = Debug|Any CPU
		{8E0B0F99-D218-436F-B0B5-EE4315B03F9C}.Release|Any CPU.ActiveCfg = Release|Any CPU
		{8E0B0F99-D218-436F-B0B5-EE4315B03F9C}.Release|Any CPU.Build.0 = Release|Any CPU
		{35D97E75-E4E0-4F48-8506-DB5AE8BBC4F2}.Debug|Any CPU.ActiveCfg = Debug|Any CPU
		{35D97E75-E4E0-4F48-8506-DB5AE8BBC4F2}.Debug|Any CPU.Build.0 = Debug|Any CPU
		{35D97E75-E4E0-4F48-8506-DB5AE8BBC4F2}.Release|Any CPU.ActiveCfg = Release|Any CPU
		{35D97E75-E4E0-4F48-8506-DB5AE8BBC4F2}.Release|Any CPU.Build.0 = Release|Any CPU
		{54154EDF-C76E-4165-B518-EA3C897D8DFA}.Debug|Any CPU.ActiveCfg = Debug|Any CPU
		{54154EDF-C76E-4165-B518-EA3C897D8DFA}.Debug|Any CPU.Build.0 = Debug|Any CPU
		{54154EDF-C76E-4165-B518-EA3C897D8DFA}.Release|Any CPU.ActiveCfg = Release|Any CPU
		{54154EDF-C76E-4165-B518-EA3C897D8DFA}.Release|Any CPU.Build.0 = Release|Any CPU
		{12DD5355-8C82-47CE-A171-8F9D02764075}.Debug|Any CPU.ActiveCfg = Debug|Any CPU
		{12DD5355-8C82-47CE-A171-8F9D02764075}.Debug|Any CPU.Build.0 = Debug|Any CPU
		{12DD5355-8C82-47CE-A171-8F9D02764075}.Release|Any CPU.ActiveCfg = Release|Any CPU
		{12DD5355-8C82-47CE-A171-8F9D02764075}.Release|Any CPU.Build.0 = Release|Any CPU
		{A4F539AE-307E-443C-BF86-2398954F1A73}.Debug|Any CPU.ActiveCfg = Debug|Any CPU
		{A4F539AE-307E-443C-BF86-2398954F1A73}.Debug|Any CPU.Build.0 = Debug|Any CPU
		{A4F539AE-307E-443C-BF86-2398954F1A73}.Release|Any CPU.ActiveCfg = Release|Any CPU
		{A4F539AE-307E-443C-BF86-2398954F1A73}.Release|Any CPU.Build.0 = Release|Any CPU
		{13DFE848-6B80-43C2-A632-989330B760CC}.Debug|Any CPU.ActiveCfg = Debug|Any CPU
		{13DFE848-6B80-43C2-A632-989330B760CC}.Debug|Any CPU.Build.0 = Debug|Any CPU
		{13DFE848-6B80-43C2-A632-989330B760CC}.Release|Any CPU.ActiveCfg = Release|Any CPU
		{13DFE848-6B80-43C2-A632-989330B760CC}.Release|Any CPU.Build.0 = Release|Any CPU
		{BF0E297A-07E6-4DDD-B405-25AE081730AD}.Debug|Any CPU.ActiveCfg = Debug|Any CPU
		{BF0E297A-07E6-4DDD-B405-25AE081730AD}.Debug|Any CPU.Build.0 = Debug|Any CPU
		{BF0E297A-07E6-4DDD-B405-25AE081730AD}.Release|Any CPU.ActiveCfg = Release|Any CPU
		{BF0E297A-07E6-4DDD-B405-25AE081730AD}.Release|Any CPU.Build.0 = Release|Any CPU
		{0C564865-810A-4BD0-80B2-8F9331C02CB2}.Debug|Any CPU.ActiveCfg = Debug|Any CPU
		{0C564865-810A-4BD0-80B2-8F9331C02CB2}.Debug|Any CPU.Build.0 = Debug|Any CPU
		{0C564865-810A-4BD0-80B2-8F9331C02CB2}.Release|Any CPU.ActiveCfg = Release|Any CPU
		{0C564865-810A-4BD0-80B2-8F9331C02CB2}.Release|Any CPU.Build.0 = Release|Any CPU
		{D6AAEEA1-1DEF-4C57-9471-7C13E738779A}.Debug|Any CPU.ActiveCfg = Debug|Any CPU
		{D6AAEEA1-1DEF-4C57-9471-7C13E738779A}.Debug|Any CPU.Build.0 = Debug|Any CPU
		{D6AAEEA1-1DEF-4C57-9471-7C13E738779A}.Release|Any CPU.ActiveCfg = Release|Any CPU
		{D6AAEEA1-1DEF-4C57-9471-7C13E738779A}.Release|Any CPU.Build.0 = Release|Any CPU
	EndGlobalSection
	GlobalSection(NestedProjects) = preSolution
		{8A23B865-5B5A-45C2-9705-1A6879FFE085} = {848D3540-790C-4CC4-8042-80DDFA10CCE3}
		{8E0B0F99-D218-436F-B0B5-EE4315B03F9C} = {848D3540-790C-4CC4-8042-80DDFA10CCE3}
		{35D97E75-E4E0-4F48-8506-DB5AE8BBC4F2} = {EBF1B620-33B5-4F85-9A6D-C1BF6D5D6CC3}
		{54154EDF-C76E-4165-B518-EA3C897D8DFA} = {EBF1B620-33B5-4F85-9A6D-C1BF6D5D6CC3}
		{12DD5355-8C82-47CE-A171-8F9D02764075} = {EBF1B620-33B5-4F85-9A6D-C1BF6D5D6CC3}
		{A4F539AE-307E-443C-BF86-2398954F1A73} = {848D3540-790C-4CC4-8042-80DDFA10CCE3}
		{13DFE848-6B80-43C2-A632-989330B760CC} = {F2A9490E-4390-4F76-A337-BBA8ADFFEA77}
		{BF0E297A-07E6-4DDD-B405-25AE081730AD} = {EBF1B620-33B5-4F85-9A6D-C1BF6D5D6CC3}
		{0C564865-810A-4BD0-80B2-8F9331C02CB2} = {EBF1B620-33B5-4F85-9A6D-C1BF6D5D6CC3}
		{D6AAEEA1-1DEF-4C57-9471-7C13E738779A} = {5F7BA6F9-A5AC-4E8F-BAC1-0AA6E379F084}
	EndGlobalSection
EndGlobal
